# THIS IS AN AUTOGENERATED FILE. DO NOT EDIT THIS FILE DIRECTLY.
# yarn lockfile v1


"@resvg/resvg-js-android-arm-eabi@1.3.0":
  version "1.3.0"
  resolved "https://registry.yarnpkg.com/@resvg/resvg-js-android-arm-eabi/-/resvg-js-android-arm-eabi-1.3.0.tgz#eba592cd0f1e74b7cc96e0b0c31922ab1bf04b92"
  integrity sha512-QjoiWJbXIcP5RkRSiKu5VRkkR6j9FMIShApr1fjuwkVEyijT1l62XQfQKaIhAVX4ash4/lFcwK6qH3H8r0R2FA==

"@resvg/resvg-js-android-arm64@1.3.0":
  version "1.3.0"
  resolved "https://registry.yarnpkg.com/@resvg/resvg-js-android-arm64/-/resvg-js-android-arm64-1.3.0.tgz#65a938fa884bc4fcce7854de88f946721a87cb5f"
  integrity sha512-tEOh+t9/4sXnGI76+Q2hZPtU8R1Df4ZBnVstiS8KOX4vAZAvSYGrc/ds2VO/1kG0hp7OpqoLU+1pYBuvSvlIcg==

"@resvg/resvg-js-darwin-arm64@1.3.0":
  version "1.3.0"
  resolved "https://registry.yarnpkg.com/@resvg/resvg-js-darwin-arm64/-/resvg-js-darwin-arm64-1.3.0.tgz#50fa3fe94cba390506532128d149f865a01d8a40"
  integrity sha512-u3uT8YHB7g+rT6hYCka9L6gjgpSPpIeSnnyFHFST5PSetjvMFwFJTnBcOdX1JRN2PObAVM8vtC/wJckfUqOJBA==

"@resvg/resvg-js-darwin-x64@1.3.0":
  version "1.3.0"
  resolved "https://registry.yarnpkg.com/@resvg/resvg-js-darwin-x64/-/resvg-js-darwin-x64-1.3.0.tgz#b2436cbab651994455df11bc657246a8a8dc24e4"
  integrity sha512-wjLoG4KwU5OH1OyZf4oy+lfKIQfP74MyKNW2wNfXV8/8Aks/ak1KZG1p7uT7RvHljRyT/ts52LSTovu5jlFj+w==

"@resvg/resvg-js-linux-arm-gnueabihf@1.3.0":
  version "1.3.0"
  resolved "https://registry.yarnpkg.com/@resvg/resvg-js-linux-arm-gnueabihf/-/resvg-js-linux-arm-gnueabihf-1.3.0.tgz#364838f71a7e0e349a2fa942ac1509d3bf0c3724"
  integrity sha512-ocCZrre7LM+Zv2QfyitfW6v4Qvc5LsDa62WwiHy44VO7o/2ukYgBWcfu1pWZizY9LxOk0V6bmjKOdwqGzfHGRA==

"@resvg/resvg-js-linux-arm64-gnu@1.3.0":
  version "1.3.0"
  resolved "https://registry.yarnpkg.com/@resvg/resvg-js-linux-arm64-gnu/-/resvg-js-linux-arm64-gnu-1.3.0.tgz#0dd03ff50cc614e5a19a9babf036ee2123185d0c"
  integrity sha512-2nQWxe69UArL6Qar+o72SSrY38kOsz4unn+3W2ybl9WqG/xLnYRyySH1UEQTMaFJvtnpnHUJ+Mo2n77cCE8aow==

"@resvg/resvg-js-linux-arm64-musl@1.3.0":
  version "1.3.0"
  resolved "https://registry.yarnpkg.com/@resvg/resvg-js-linux-arm64-musl/-/resvg-js-linux-arm64-musl-1.3.0.tgz#029c270e571065d91e63abe526e678dffa095762"
  integrity sha512-0XrLYFS7r/OrVIEmj1vKZT/U3Yph/y+yrBzI/Fio++nQVHgiNXi5X4/DCK7YcGmqtTq4JT94+OW8NIRW00dLqQ==

"@resvg/resvg-js-linux-x64-gnu@1.3.0":
  version "1.3.0"
  resolved "https://registry.yarnpkg.com/@resvg/resvg-js-linux-x64-gnu/-/resvg-js-linux-x64-gnu-1.3.0.tgz#c43c0447d67597621d30c16543029efedb07753b"
  integrity sha512-aXVmKDmPWre70MT/fZ5mRBI8BKsWt6B58PZSqUOKupuZGmZ5kMJ+NS9IKMTHUkPLL5tCiCaJJRSyiuyF02q+Bg==

"@resvg/resvg-js-linux-x64-musl@1.3.0":
  version "1.3.0"
  resolved "https://registry.yarnpkg.com/@resvg/resvg-js-linux-x64-musl/-/resvg-js-linux-x64-musl-1.3.0.tgz#e6c0a83c0235cd9a74c2fb8d17a21bbb02fd1726"
  integrity sha512-3UdObhMFEnh7pjmPrcKJ7r2QTlKEa+BHq0RxA7M7K6RQs2nxip7op1YG1XdCX5/EGmbg+dG9PyEnioRRCMmsOA==

"@resvg/resvg-js-win32-arm64-msvc@1.3.0":
  version "1.3.0"
  resolved "https://registry.yarnpkg.com/@resvg/resvg-js-win32-arm64-msvc/-/resvg-js-win32-arm64-msvc-1.3.0.tgz#da9b0353852e9767905e8714aef84d5b47ae7086"
  integrity sha512-vTPpPtJtABub1N68M1QJrceBdfDtInwsorCjO4Ch+t9znB7YPP0B3xpXNH3s09unpbX9MO6yzR3U29mUvKFdsw==

"@resvg/resvg-js-win32-ia32-msvc@1.3.0":
  version "1.3.0"
  resolved "https://registry.yarnpkg.com/@resvg/resvg-js-win32-ia32-msvc/-/resvg-js-win32-ia32-msvc-1.3.0.tgz#390e937e60c010a8d970edcb0016b5734ef50af2"
  integrity sha512-qLLUb3/YaitK02V860/oRZa3KFENADPw544EUA6idowsvoIu1Q9xYI5uBHQCjPXaoAYD7kHuYLl6DFYStvNLYw==

"@resvg/resvg-js-win32-x64-msvc@1.3.0":
  version "1.3.0"
  resolved "https://registry.yarnpkg.com/@resvg/resvg-js-win32-x64-msvc/-/resvg-js-win32-x64-msvc-1.3.0.tgz#1212d2e8351fb83678e8052dca571d72396974f7"
  integrity sha512-aivqvtXRzBAdVV6HrP8MrziXa9IiX5sdUF+Dj/8/bkxPT3UutMkN4thTlTNDoaE9yX2VBiheTReOiPpWB6ScyA==

"@resvg/resvg-js@1.3.0":
  version "1.3.0"
  resolved "https://registry.yarnpkg.com/@resvg/resvg-js/-/resvg-js-1.3.0.tgz#950d440dcb4f6856aaadfda375aa73d016db8695"
  integrity sha512-oryhplDvtf0qq0o/TOWstTt2FtETNjdT+RKCN1kUys7204xs+zsLNbEg+g0i55rpsqxeSsfTiy37K15MG9rIqQ==
  optionalDependencies:
    "@resvg/resvg-js-android-arm-eabi" "1.3.0"
    "@resvg/resvg-js-android-arm64" "1.3.0"
    "@resvg/resvg-js-darwin-arm64" "1.3.0"
    "@resvg/resvg-js-darwin-x64" "1.3.0"
    "@resvg/resvg-js-linux-arm-gnueabihf" "1.3.0"
    "@resvg/resvg-js-linux-arm64-gnu" "1.3.0"
    "@resvg/resvg-js-linux-arm64-musl" "1.3.0"
    "@resvg/resvg-js-linux-x64-gnu" "1.3.0"
    "@resvg/resvg-js-linux-x64-musl" "1.3.0"
    "@resvg/resvg-js-win32-arm64-msvc" "1.3.0"
    "@resvg/resvg-js-win32-ia32-msvc" "1.3.0"
    "@resvg/resvg-js-win32-x64-msvc" "1.3.0"

"@types/node@14":
  version "14.18.5"
  resolved "https://registry.yarnpkg.com/@types/node/-/node-14.18.5.tgz#0dd636fe7b2c6055cbed0d4ca3b7fb540f130a96"
  integrity sha512-LMy+vDDcQR48EZdEx5wRX1q/sEl6NdGuHXPnfeL8ixkwCOSZ2qnIyIZmcCbdX0MeRqHhAcHmX+haCbrS8Run+A==

"@types/prop-types@*":
  version "15.7.4"
  resolved "https://registry.yarnpkg.com/@types/prop-types/-/prop-types-15.7.4.tgz#fcf7205c25dff795ee79af1e30da2c9790808f11"
  integrity sha512-rZ5drC/jWjrArrS8BR6SIr4cWpW09RNTYt9AMZo3Jwwif+iacXAqgVjm0B0Bv/S1jhDXKHqRVNCbACkJ89RAnQ==

"@types/react-dom@17.0.11":
  version "17.0.11"
  resolved "https://registry.yarnpkg.com/@types/react-dom/-/react-dom-17.0.11.tgz#e1eadc3c5e86bdb5f7684e00274ae228e7bcc466"
  integrity sha512-f96K3k+24RaLGVu/Y2Ng3e1EbZ8/cVJvypZWd7cy0ofCBaf2lcM46xNhycMZ2xGwbBjRql7hOlZ+e2WlJ5MH3Q==
  dependencies:
    "@types/react" "*"

"@types/react@*", "@types/react@17.0.38":
  version "17.0.38"
  resolved "https://registry.yarnpkg.com/@types/react/-/react-17.0.38.tgz#f24249fefd89357d5fa71f739a686b8d7c7202bd"
  integrity sha512-SI92X1IA+FMnP3qM5m4QReluXzhcmovhZnLNm3pyeQlooi02qI7sLiepEYqT678uNiyc25XfCqxREFpy3W7YhQ==
  dependencies:
    "@types/prop-types" "*"
    "@types/scheduler" "*"
    csstype "^3.0.2"

"@types/scheduler@*":
  version "0.16.2"
  resolved "https://registry.yarnpkg.com/@types/scheduler/-/scheduler-0.16.2.tgz#1a62f89525723dde24ba1b01b092bf5df8ad4d39"
  integrity sha512-hppQEBDmlwhFAXKJX2KnWLYu5yMfi91yazPb2l+lbJiwW+wdo1gNeRA+3RgNSO39WYX2euey41KEwnqesU2Jew==

csstype@^3.0.2:
  version "3.0.10"
  resolved "https://registry.yarnpkg.com/csstype/-/csstype-3.0.10.tgz#2ad3a7bed70f35b965707c092e5f30b327c290e5"
  integrity sha512-2u44ZG2OcNUO9HDp/Jl8C07x6pU/eTR3ncV91SiK3dhG9TWvRVsCoJw14Ckx5DgWkzGA3waZWO3d7pgqpUI/XA==

"js-tokens@^3.0.0 || ^4.0.0":
  version "4.0.0"
  resolved "https://registry.yarnpkg.com/js-tokens/-/js-tokens-4.0.0.tgz#19203fb59991df98e3a287050d4647cdeaf32499"
  integrity sha512-RdJUflcE3cUzKiMqQgsCu06FPu9UdIJO0beYbPhHN4k6apgJtifcoCtT9bcxOpYBtpD2kCM6Sbzg4CausW/PKQ==

loose-envify@^1.1.0:
  version "1.4.0"
  resolved "https://registry.yarnpkg.com/loose-envify/-/loose-envify-1.4.0.tgz#71ee51fa7be4caec1a63839f7e682d8132d30caf"
  integrity sha512-lyuxPGr/Wfhrlem2CL/UcnUc1zcqKAImBDzukY7Y5F/yQiNdko6+fRLevlw1HgMySw7f611UIY408EtxRSoK3Q==
  dependencies:
    js-tokens "^3.0.0 || ^4.0.0"

object-assign@^4.1.1:
  version "4.1.1"
  resolved "https://registry.yarnpkg.com/object-assign/-/object-assign-4.1.1.tgz#2109adc7965887cfc05cbbd442cac8bfbb360863"
  integrity sha1-IQmtx5ZYh8/AXLvUQsrIv7s2CGM=

react-dom@17.0.2:
  version "17.0.2"
  resolved "https://registry.yarnpkg.com/react-dom/-/react-dom-17.0.2.tgz#ecffb6845e3ad8dbfcdc498f0d0a939736502c23"
  integrity sha512-s4h96KtLDUQlsENhMn1ar8t2bEa+q/YAtj8pPPdIjPDGBDIVNsrD9aXNWqspUe6AzKCIG0C1HZZLqLV7qpOBGA==
  dependencies:
    loose-envify "^1.1.0"
    object-assign "^4.1.1"
    scheduler "^0.20.2"

react@17.0.2:
  version "17.0.2"
  resolved "https://registry.yarnpkg.com/react/-/react-17.0.2.tgz#d0b5cc516d29eb3eee383f75b62864cfb6800037"
  integrity sha512-gnhPt75i/dq/z3/6q/0asP78D0u592D5L1pd7M8P+dck6Fu/jJeL6iVVK23fptSUZj8Vjf++7wXA8UNclGQcbA==
  dependencies:
    loose-envify "^1.1.0"
    object-assign "^4.1.1"

scheduler@^0.20.2:
  version "0.20.2"
  resolved "https://registry.yarnpkg.com/scheduler/-/scheduler-0.20.2.tgz#4baee39436e34aa93b4874bddcbf0fe8b8b50e91"
  integrity sha512-2eWfGgAqqWFGqtdMmcL5zCMK1U8KlXv8SQFGglL3CEtd0aDVDWgeF/YoCmvln55m5zSk3J/20hTaSBeSObsQDQ==
  dependencies:
    loose-envify "^1.1.0"
    object-assign "^4.1.1"

typescript@4.1.5:
  version "4.1.5"
  resolved "https://registry.yarnpkg.com/typescript/-/typescript-4.1.5.tgz#123a3b214aaff3be32926f0d8f1f6e704eb89a72"
  integrity sha512-6OSu9PTIzmn9TCDiovULTnET6BgXtDYL4Gg4szY+cGsc3JP1dQL8qvE8kShTRx1NIw4Q9IBHlwODjkjWEtMUyA==
