# THIS IS AN AUTOGENERATED FILE. DO NOT EDIT THIS FILE DIRECTLY.
# yarn lockfile v1


"@napi-rs/canvas-android-arm64@0.1.19":
  version "0.1.19"
  resolved "https://registry.yarnpkg.com/@napi-rs/canvas-android-arm64/-/canvas-android-arm64-0.1.19.tgz#2f7a54fe74a5300cf276d78687149e818c0f3de4"
  integrity sha512-HSMvj4FpY/EW1yQ2KcpodCb9NGt8leDZqlFf+ORR+K6e4FQ5N42zbiABkNrzje8qCD37+mCWd2IO9P/onBCYCQ==

"@napi-rs/canvas-darwin-arm64@0.1.19":
  version "0.1.19"
  resolved "https://registry.yarnpkg.com/@napi-rs/canvas-darwin-arm64/-/canvas-darwin-arm64-0.1.19.tgz#6abb53dbb6f26efff62f0ec94ff2841f68ffd07b"
  integrity sha512-ammO0vS5NFzyFWTdiA0mfKyaTgITinCfGo33m/Xw6vX4FlT3gRhvOQZUIwSr7Uxh39TUr0Jb1DQRpUR3zSXKHA==

"@napi-rs/canvas-darwin-x64@0.1.19":
  version "0.1.19"
  resolved "https://registry.yarnpkg.com/@napi-rs/canvas-darwin-x64/-/canvas-darwin-x64-0.1.19.tgz#9291e04c569b4c6ad70991c4cab613613622189a"
  integrity sha512-KZt5Ey1ETlMHYwVd2cyv3nP6hOl9ouspcJKsphLyZMZ4bGjTGk2FK85ieUS5uko5KkAI/7T6SnCSXsTzb5YsUw==

"@napi-rs/canvas-linux-arm-gnueabihf@0.1.19":
  version "0.1.19"
  resolved "https://registry.yarnpkg.com/@napi-rs/canvas-linux-arm-gnueabihf/-/canvas-linux-arm-gnueabihf-0.1.19.tgz#687ea58909cc62648f7edfe051dbf8f3f8a6bac2"
  integrity sha512-6ksFDGbILCo9i3Oara0035kUjvP+uT1nEwcIGMj6v+LjV6pK8j/imYv+ilKKQc95t2dfqAbh9LLfg/HpJxGaFQ==

"@napi-rs/canvas-linux-arm64-gnu@0.1.19":
  version "0.1.19"
  resolved "https://registry.yarnpkg.com/@napi-rs/canvas-linux-arm64-gnu/-/canvas-linux-arm64-gnu-0.1.19.tgz#870754652415df5c48033a9abe3389b130bd0efb"
  integrity sha512-GjIOj1x0IGz8J7Fom2LdZrhKUjbOXrytooi57JPvYFRW0ial9lshW8Adnq78yTH+d7iEapOKUEFAtWWq9r0umw==

"@napi-rs/canvas-linux-arm64-musl@0.1.19":
  version "0.1.19"
  resolved "https://registry.yarnpkg.com/@napi-rs/canvas-linux-arm64-musl/-/canvas-linux-arm64-musl-0.1.19.tgz#7bee4cd2bd3537c7af89e7106a9a6a654f77a98f"
  integrity sha512-6ikcZzSDr5Uvk3AzF/E3bw+6l2VATb1YWGC9uJmmtuPG/e8rRk3r3fi2tq+EtoUIT508MJHQYWB7A0Q6Ztybxg==

"@napi-rs/canvas-linux-x64-gnu@0.1.19":
  version "0.1.19"
  resolved "https://registry.yarnpkg.com/@napi-rs/canvas-linux-x64-gnu/-/canvas-linux-x64-gnu-0.1.19.tgz#9e13d9c1ec93dab34946dae0f8e99de64300b771"
  integrity sha512-6uHDsXZGuDpZa53NIbkqYng4Cjz5pqVGgfxLDT6T+Lx7I9JeoJi/vBPyB4BLZjdWtY8YhZFWPQIb9bbA6RLMFg==

"@napi-rs/canvas-linux-x64-musl@0.1.19":
  version "0.1.19"
  resolved "https://registry.yarnpkg.com/@napi-rs/canvas-linux-x64-musl/-/canvas-linux-x64-musl-0.1.19.tgz#9990bfd0ec4beaa1643cf4256502662b13f3c362"
  integrity sha512-WeOOySiwexF91baetu7R193W9i1hfFMVHF+n6vxhwVxh09ahisL+AKhPNKJlouTizXYTvlinALZOnKmiTf7FHA==

"@napi-rs/canvas-win32-x64-msvc@0.1.19":
  version "0.1.19"
  resolved "https://registry.yarnpkg.com/@napi-rs/canvas-win32-x64-msvc/-/canvas-win32-x64-msvc-0.1.19.tgz#734e5a6aba9bd393dd619e72ed2481498578066a"
  integrity sha512-5RP4n9NsZsYi+Bg08Nd3VULr1+m2EC72OR0D77XqOIh5SXT+Hje+9x3FKgFCDEhaVAVqh5HUzYVD7BJhrXSsMA==

"@napi-rs/canvas@0.1.19":
  version "0.1.19"
  resolved "https://registry.yarnpkg.com/@napi-rs/canvas/-/canvas-0.1.19.tgz#1e3aedf8316430536f41899036557a3dcbeec618"
  integrity sha512-bpM/IU+j21y3FrV0Gn+NxPXAid+wTtdNyEQC0DdoycmY8xBSnZ9dgwUzVSjpk6yyrRw1d+mPZjvw0IPc0P1v2g==
  optionalDependencies:
    "@napi-rs/canvas-android-arm64" "0.1.19"
    "@napi-rs/canvas-darwin-arm64" "0.1.19"
    "@napi-rs/canvas-darwin-x64" "0.1.19"
    "@napi-rs/canvas-linux-arm-gnueabihf" "0.1.19"
    "@napi-rs/canvas-linux-arm64-gnu" "0.1.19"
    "@napi-rs/canvas-linux-arm64-musl" "0.1.19"
    "@napi-rs/canvas-linux-x64-gnu" "0.1.19"
    "@napi-rs/canvas-linux-x64-musl" "0.1.19"
    "@napi-rs/canvas-win32-x64-msvc" "0.1.19"

"@types/node@14":
  version "14.18.5"
  resolved "https://registry.yarnpkg.com/@types/node/-/node-14.18.5.tgz#0dd636fe7b2c6055cbed0d4ca3b7fb540f130a96"
  integrity sha512-LMy+vDDcQR48EZdEx5wRX1q/sEl6NdGuHXPnfeL8ixkwCOSZ2qnIyIZmcCbdX0MeRqHhAcHmX+haCbrS8Run+A==

"@types/prop-types@*":
  version "15.7.4"
  resolved "https://registry.yarnpkg.com/@types/prop-types/-/prop-types-15.7.4.tgz#fcf7205c25dff795ee79af1e30da2c9790808f11"
  integrity sha512-rZ5drC/jWjrArrS8BR6SIr4cWpW09RNTYt9AMZo3Jwwif+iacXAqgVjm0B0Bv/S1jhDXKHqRVNCbACkJ89RAnQ==

"@types/react-dom@17.0.11":
  version "17.0.11"
  resolved "https://registry.yarnpkg.com/@types/react-dom/-/react-dom-17.0.11.tgz#e1eadc3c5e86bdb5f7684e00274ae228e7bcc466"
  integrity sha512-f96K3k+24RaLGVu/Y2Ng3e1EbZ8/cVJvypZWd7cy0ofCBaf2lcM46xNhycMZ2xGwbBjRql7hOlZ+e2WlJ5MH3Q==
  dependencies:
    "@types/react" "*"

"@types/react@*", "@types/react@17.0.38":
  version "17.0.38"
  resolved "https://registry.yarnpkg.com/@types/react/-/react-17.0.38.tgz#f24249fefd89357d5fa71f739a686b8d7c7202bd"
  integrity sha512-SI92X1IA+FMnP3qM5m4QReluXzhcmovhZnLNm3pyeQlooi02qI7sLiepEYqT678uNiyc25XfCqxREFpy3W7YhQ==
  dependencies:
    "@types/prop-types" "*"
    "@types/scheduler" "*"
    csstype "^3.0.2"

"@types/scheduler@*":
  version "0.16.2"
  resolved "https://registry.yarnpkg.com/@types/scheduler/-/scheduler-0.16.2.tgz#1a62f89525723dde24ba1b01b092bf5df8ad4d39"
  integrity sha512-hppQEBDmlwhFAXKJX2KnWLYu5yMfi91yazPb2l+lbJiwW+wdo1gNeRA+3RgNSO39WYX2euey41KEwnqesU2Jew==

csstype@^3.0.2:
  version "3.0.10"
  resolved "https://registry.yarnpkg.com/csstype/-/csstype-3.0.10.tgz#2ad3a7bed70f35b965707c092e5f30b327c290e5"
  integrity sha512-2u44ZG2OcNUO9HDp/Jl8C07x6pU/eTR3ncV91SiK3dhG9TWvRVsCoJw14Ckx5DgWkzGA3waZWO3d7pgqpUI/XA==

"js-tokens@^3.0.0 || ^4.0.0":
  version "4.0.0"
  resolved "https://registry.yarnpkg.com/js-tokens/-/js-tokens-4.0.0.tgz#19203fb59991df98e3a287050d4647cdeaf32499"
  integrity sha512-RdJUflcE3cUzKiMqQgsCu06FPu9UdIJO0beYbPhHN4k6apgJtifcoCtT9bcxOpYBtpD2kCM6Sbzg4CausW/PKQ==

loose-envify@^1.1.0:
  version "1.4.0"
  resolved "https://registry.yarnpkg.com/loose-envify/-/loose-envify-1.4.0.tgz#71ee51fa7be4caec1a63839f7e682d8132d30caf"
  integrity sha512-lyuxPGr/Wfhrlem2CL/UcnUc1zcqKAImBDzukY7Y5F/yQiNdko6+fRLevlw1HgMySw7f611UIY408EtxRSoK3Q==
  dependencies:
    js-tokens "^3.0.0 || ^4.0.0"

object-assign@^4.1.1:
  version "4.1.1"
  resolved "https://registry.yarnpkg.com/object-assign/-/object-assign-4.1.1.tgz#2109adc7965887cfc05cbbd442cac8bfbb360863"
  integrity sha1-IQmtx5ZYh8/AXLvUQsrIv7s2CGM=

react-dom@17.0.2:
  version "17.0.2"
  resolved "https://registry.yarnpkg.com/react-dom/-/react-dom-17.0.2.tgz#ecffb6845e3ad8dbfcdc498f0d0a939736502c23"
  integrity sha512-s4h96KtLDUQlsENhMn1ar8t2bEa+q/YAtj8pPPdIjPDGBDIVNsrD9aXNWqspUe6AzKCIG0C1HZZLqLV7qpOBGA==
  dependencies:
    loose-envify "^1.1.0"
    object-assign "^4.1.1"
    scheduler "^0.20.2"

react@17.0.2:
  version "17.0.2"
  resolved "https://registry.yarnpkg.com/react/-/react-17.0.2.tgz#d0b5cc516d29eb3eee383f75b62864cfb6800037"
  integrity sha512-gnhPt75i/dq/z3/6q/0asP78D0u592D5L1pd7M8P+dck6Fu/jJeL6iVVK23fptSUZj8Vjf++7wXA8UNclGQcbA==
  dependencies:
    loose-envify "^1.1.0"
    object-assign "^4.1.1"

scheduler@^0.20.2:
  version "0.20.2"
  resolved "https://registry.yarnpkg.com/scheduler/-/scheduler-0.20.2.tgz#4baee39436e34aa93b4874bddcbf0fe8b8b50e91"
  integrity sha512-2eWfGgAqqWFGqtdMmcL5zCMK1U8KlXv8SQFGglL3CEtd0aDVDWgeF/YoCmvln55m5zSk3J/20hTaSBeSObsQDQ==
  dependencies:
    loose-envify "^1.1.0"
    object-assign "^4.1.1"

typescript@4.1.5:
  version "4.1.5"
  resolved "https://registry.yarnpkg.com/typescript/-/typescript-4.1.5.tgz#123a3b214aaff3be32926f0d8f1f6e704eb89a72"
  integrity sha512-6OSu9PTIzmn9TCDiovULTnET6BgXtDYL4Gg4szY+cGsc3JP1dQL8qvE8kShTRx1NIw4Q9IBHlwODjkjWEtMUyA==
